
Microsoft Visual Studio Solution File, Format Version 12.00
Project("{FAE04EC0-301F-11D3-BF4B-00C04F79EFBC}") = "ProgrammingFire.Api", "ProgrammingFire.Api\ProgrammingFire.Api.csproj", "{0AC90634-6669-4519-BF44-D0A31C4527FE}"
EndProject
Global
	GlobalSection(SolutionConfigurationPlatforms) = preSolution
		Debug|Any CPU = Debug|Any CPU
		Release|Any CPU = Release|Any CPU
	EndGlobalSection
	GlobalSection(ProjectConfigurationPlatforms) = postSolution
		{0AC90634-6669-4519-BF44-D0A31C4527FE}.Debug|Any CPU.ActiveCfg = Debug|Any CPU
		{0AC90634-6669-4519-BF44-D0A31C4527FE}.Debug|Any CPU.Build.0 = Debug|Any CPU
		{0AC90634-6669-4519-BF44-D0A31C4527FE}.Release|Any CPU.ActiveCfg = Release|Any CPU
		{0AC90634-6669-4519-BF44-D0A31C4527FE}.Release|Any CPU.Build.0 = Release|Any CPU
	EndGlobalSection
EndGlobal
